{
  "name": "port",
  "lockfileVersion": 3,
  "requires": true,
  "packages": {
    "": {
      "dependencies": {
        "@tabler/icons": "^3.41.1"
      }
    },
    "node_modules/@tabler/icons": {
      "version": "3.41.1",
      "resolved": "https://registry.npmjs.org/@tabler/icons/-/icons-3.41.1.tgz",
      "integrity": "sha512-OaRnVbRmH2nHtFeg+RmMJ/7m2oBIF9XCJAUD5gQnMrpK9f05ydj8MZrAf3NZQqOXyxGN1UBL0D5IKLLEUfr74Q==",
      "license": "MIT",
      "funding": {
        "type": "github",
        "url": "https://github.com/sponsors/codecalm"
      }
    }
  }
}
